// !$*UTF8*$!
{
	archiveVersion = 1;
	classes = {
	};
	objectVersion = 46;
	objects = {

/* Begin PBXBuildFile section */
		9384248D1B5E370400110674 /* FISegmentSlider.m in Sources */ = {isa = PBXBuildFile; fileRef = 9384248C1B5E370400110674 /* FISegmentSlider.m */; };
		938424901B5E3B3F00110674 /* FISelectionButton.m in Sources */ = {isa = PBXBuildFile; fileRef = 9384248F1B5E3B3F00110674 /* FISelectionButton.m */; };
		93F79AE81B5BB318007B5AA4 /* main.m in Sources */ = {isa = PBXBuildFile; fileRef = 93F79AE71B5BB318007B5AA4 /* main.m */; };
		93F79AEB1B5BB318007B5AA4 /* AppDelegate.m in Sources */ = {isa = PBXBuildFile; fileRef = 93F79AEA1B5BB318007B5AA4 /* AppDelegate.m */; };
		93F79AEE1B5BB318007B5AA4 /* ViewController.m in Sources */ = {isa = PBXBuildFile; fileRef = 93F79AED1B5BB318007B5AA4 /* ViewController.m */; };
		93F79AF11B5BB318007B5AA4 /* Main.storyboard in Resources */ = {isa = PBXBuildFile; fileRef = 93F79AEF1B5BB318007B5AA4 /* Main.storyboard */; };
		93F79AF31B5BB318007B5AA4 /* Images.xcassets in Resources */ = {isa = PBXBuildFile; fileRef = 93F79AF21B5BB318007B5AA4 /* Images.xcassets */; };
		93F79AF61B5BB318007B5AA4 /* LaunchScreen.xib in Resources */ = {isa = PBXBuildFile; fileRef = 93F79AF41B5BB318007B5AA4 /* LaunchScreen.xib */; };
		93F79B021B5BB319007B5AA4 /* CustomControlsTests.m in Sources */ = {isa = PBXBuildFile; fileRef = 93F79B011B5BB319007B5AA4 /* CustomControlsTests.m */; };
		93F79B0D1B5BB411007B5AA4 /* FIBorderTextField.m in Sources */ = {isa = PBXBuildFile; fileRef = 93F79B0C1B5BB411007B5AA4 /* FIBorderTextField.m */; };
/* End PBXBuildFile section */

/* Begin PBXContainerItemProxy section */
		93F79AFC1B5BB319007B5AA4 /* PBXContainerItemProxy */ = {
			isa = PBXContainerItemProxy;
			containerPortal = 93F79ADA1B5BB318007B5AA4 /* Project object */;
			proxyType = 1;
			remoteGlobalIDString = 93F79AE11B5BB318007B5AA4;
			remoteInfo = CustomControls;
		};
/* End PBXContainerItemProxy section */

/* Begin PBXFileReference section */
		9384248B1B5E370400110674 /* FISegmentSlider.h */ = {isa = PBXFileReference; fileEncoding = 4; lastKnownFileType = sourcecode.c.h; path = FISegmentSlider.h; sourceTree = "<group>"; };
		9384248C1B5E370400110674 /* FISegmentSlider.m */ = {isa = PBXFileReference; fileEncoding = 4; lastKnownFileType = sourcecode.c.objc; path = FISegmentSlider.m; sourceTree = "<group>"; };
		9384248E1B5E3B3F00110674 /* FISelectionButton.h */ = {isa = PBXFileReference; fileEncoding = 4; lastKnownFileType = sourcecode.c.h; path = FISelectionButton.h; sourceTree = "<group>"; };
		9384248F1B5E3B3F00110674 /* FISelectionButton.m */ = {isa = PBXFileReference; fileEncoding = 4; lastKnownFileType = sourcecode.c.objc; path = FISelectionButton.m; sourceTree = "<group>"; };
		93F79AE21B5BB318007B5AA4 /* CustomControls.app */ = {isa = PBXFileReference; explicitFileType = wrapper.application; includeInIndex = 0; path = CustomControls.app; sourceTree = BUILT_PRODUCTS_DIR; };
		93F79AE61B5BB318007B5AA4 /* Info.plist */ = {isa = PBXFileReference; lastKnownFileType = text.plist.xml; path = Info.plist; sourceTree = "<group>"; };
		93F79AE71B5BB318007B5AA4 /* main.m */ = {isa = PBXFileReference; lastKnownFileType = sourcecode.c.objc; path = main.m; sourceTree = "<group>"; };
		93F79AE91B5BB318007B5AA4 /* AppDelegate.h */ = {isa = PBXFileReference; lastKnownFileType = sourcecode.c.h; path = AppDelegate.h; sourceTree = "<group>"; };
		93F79AEA1B5BB318007B5AA4 /* AppDelegate.m */ = {isa = PBXFileReference; lastKnownFileType = sourcecode.c.objc; path = AppDelegate.m; sourceTree = "<group>"; };
		93F79AEC1B5BB318007B5AA4 /* ViewController.h */ = {isa = PBXFileReference; lastKnownFileType = sourcecode.c.h; path = ViewController.h; sourceTree = "<group>"; };
		93F79AED1B5BB318007B5AA4 /* ViewController.m */ = {isa = PBXFileReference; lastKnownFileType = sourcecode.c.objc; path = ViewController.m; sourceTree = "<group>"; };
		93F79AF01B5BB318007B5AA4 /* Base */ = {isa = PBXFileReference; lastKnownFileType = file.storyboard; name = Base; path = Base.lproj/Main.storyboard; sourceTree = "<group>"; };
		93F79AF21B5BB318007B5AA4 /* Images.xcassets */ = {isa = PBXFileReference; lastKnownFileType = folder.assetcatalog; path = Images.xcassets; sourceTree = "<group>"; };
		93F79AF51B5BB318007B5AA4 /* Base */ = {isa = PBXFileReference; lastKnownFileType = file.xib; name = Base; path = Base.lproj/LaunchScreen.xib; sourceTree = "<group>"; };
		93F79AFB1B5BB319007B5AA4 /* CustomControlsTests.xctest */ = {isa = PBXFileReference; explicitFileType = wrapper.cfbundle; includeInIndex = 0; path = CustomControlsTests.xctest; sourceTree = BUILT_PRODUCTS_DIR; };
		93F79B001B5BB319007B5AA4 /* Info.plist */ = {isa = PBXFileReference; lastKnownFileType = text.plist.xml; path = Info.plist; sourceTree = "<group>"; };
		93F79B011B5BB319007B5AA4 /* CustomControlsTests.m */ = {isa = PBXFileReference; lastKnownFileType = sourcecode.c.objc; path = CustomControlsTests.m; sourceTree = "<group>"; };
		93F79B0B1B5BB411007B5AA4 /* FIBorderTextField.h */ = {isa = PBXFileReference; fileEncoding = 4; lastKnownFileType = sourcecode.c.h; path = FIBorderTextField.h; sourceTree = "<group>"; };
		93F79B0C1B5BB411007B5AA4 /* FIBorderTextField.m */ = {isa = PBXFileReference; fileEncoding = 4; lastKnownFileType = sourcecode.c.objc; path = FIBorderTextField.m; sourceTree = "<group>"; };
/* End PBXFileReference section */

/* Begin PBXFrameworksBuildPhase section */
		93F79ADF1B5BB318007B5AA4 /* Frameworks */ = {
			isa = PBXFrameworksBuildPhase;
			buildActionMask = 2147483647;
			files = (
			);
			runOnlyForDeploymentPostprocessing = 0;
		};
		93F79AF81B5BB319007B5AA4 /* Frameworks */ = {
			isa = PBXFrameworksBuildPhase;
			buildActionMask = 2147483647;
			files = (
			);
			runOnlyForDeploymentPostprocessing = 0;
		};
/* End PBXFrameworksBuildPhase section */

/* Begin PBXGroup section */
		93A5CA811B6789760088364D /* Controls */ = {
			isa = PBXGroup;
			children = (
				93A5CA831B67898E0088364D /* Segment */,
				93A5CA821B67897E0088364D /* ActionTextField */,
			);
			name = Controls;
			sourceTree = "<group>";
		};
		93A5CA821B67897E0088364D /* ActionTextField */ = {
			isa = PBXGroup;
			children = (
				93F79B0B1B5BB411007B5AA4 /* FIBorderTextField.h */,
				93F79B0C1B5BB411007B5AA4 /* FIBorderTextField.m */,
			);
			name = ActionTextField;
			sourceTree = "<group>";
		};
		93A5CA831B67898E0088364D /* Segment */ = {
			isa = PBXGroup;
			children = (
				9384248B1B5E370400110674 /* FISegmentSlider.h */,
				9384248C1B5E370400110674 /* FISegmentSlider.m */,
				9384248E1B5E3B3F00110674 /* FISelectionButton.h */,
				9384248F1B5E3B3F00110674 /* FISelectionButton.m */,
			);
			name = Segment;
			sourceTree = "<group>";
		};
		93F79AD91B5BB318007B5AA4 = {
			isa = PBXGroup;
			children = (
				93F79AE41B5BB318007B5AA4 /* CustomControls */,
				93F79AFE1B5BB319007B5AA4 /* CustomControlsTests */,
				93F79AE31B5BB318007B5AA4 /* Products */,
			);
			sourceTree = "<group>";
		};
		93F79AE31B5BB318007B5AA4 /* Products */ = {
			isa = PBXGroup;
			children = (
				93F79AE21B5BB318007B5AA4 /* CustomControls.app */,
				93F79AFB1B5BB319007B5AA4 /* CustomControlsTests.xctest */,
			);
			name = Products;
			sourceTree = "<group>";
		};
		93F79AE41B5BB318007B5AA4 /* CustomControls */ = {
			isa = PBXGroup;
			children = (
				93A5CA811B6789760088364D /* Controls */,
				93F79AE91B5BB318007B5AA4 /* AppDelegate.h */,
				93F79AEA1B5BB318007B5AA4 /* AppDelegate.m */,
				93F79AEC1B5BB318007B5AA4 /* ViewController.h */,
				93F79AED1B5BB318007B5AA4 /* ViewController.m */,
				93F79AEF1B5BB318007B5AA4 /* Main.storyboard */,
				93F79AF21B5BB318007B5AA4 /* Images.xcassets */,
				93F79AF41B5BB318007B5AA4 /* LaunchScreen.xib */,
				93F79AE51B5BB318007B5AA4 /* Supporting Files */,
			);
			path = CustomControls;
			sourceTree = "<group>";
		};
		93F79AE51B5BB318007B5AA4 /* Supporting Files */ = {
			isa = PBXGroup;
			children = (
				93F79AE61B5BB318007B5AA4 /* Info.plist */,
				93F79AE71B5BB318007B5AA4 /* main.m */,
			);
			name = "Supporting Files";
			sourceTree = "<group>";
		};
		93F79AFE1B5BB319007B5AA4 /* CustomControlsTests */ = {
			isa = PBXGroup;
			children = (
				93F79B011B5BB319007B5AA4 /* CustomControlsTests.m */,
				93F79AFF1B5BB319007B5AA4 /* Supporting Files */,
			);
			path = CustomControlsTests;
			sourceTree = "<group>";
		};
		93F79AFF1B5BB319007B5AA4 /* Supporting Files */ = {
			isa = PBXGroup;
			children = (
				93F79B001B5BB319007B5AA4 /* Info.plist */,
			);
			name = "Supporting Files";
			sourceTree = "<group>";
		};
/* End PBXGroup section */

/* Begin PBXNativeTarget section */
		93F79AE11B5BB318007B5AA4 /* CustomControls */ = {
			isa = PBXNativeTarget;
			buildConfigurationList = 93F79B051B5BB319007B5AA4 /* Build configuration list for PBXNativeTarget "CustomControls" */;
			buildPhases = (
				93F79ADE1B5BB318007B5AA4 /* Sources */,
				93F79ADF1B5BB318007B5AA4 /* Frameworks */,
				93F79AE01B5BB318007B5AA4 /* Resources */,
			);
			buildRules = (
			);
			dependencies = (
			);
			name = CustomControls;
			productName = CustomControls;
			productReference = 93F79AE21B5BB318007B5AA4 /* CustomControls.app */;
			productType = "com.apple.product-type.application";
		};
		93F79AFA1B5BB319007B5AA4 /* CustomControlsTests */ = {
			isa = PBXNativeTarget;
			buildConfigurationList = 93F79B081B5BB319007B5AA4 /* Build configuration list for PBXNativeTarget "CustomControlsTests" */;
			buildPhases = (
				93F79AF71B5BB319007B5AA4 /* Sources */,
				93F79AF81B5BB319007B5AA4 /* Frameworks */,
				93F79AF91B5BB319007B5AA4 /* Resources */,
			);
			buildRules = (
			);
			dependencies = (
				93F79AFD1B5BB319007B5AA4 /* PBXTargetDependency */,
			);
			name = CustomControlsTests;
			productName = CustomControlsTests;
			productReference = 93F79AFB1B5BB319007B5AA4 /* CustomControlsTests.xctest */;
			productType = "com.apple.product-type.bundle.unit-test";
		};
/* End PBXNativeTarget section */

/* Begin PBXProject section */
		93F79ADA1B5BB318007B5AA4 /* Project object */ = {
			isa = PBXProject;
			attributes = {
				LastUpgradeCheck = 0640;
				ORGANIZATIONNAME = "NGUYEN CHI CONG";
				TargetAttributes = {
					93F79AE11B5BB318007B5AA4 = {
						CreatedOnToolsVersion = 6.4;
					};
					93F79AFA1B5BB319007B5AA4 = {
						CreatedOnToolsVersion = 6.4;
						TestTargetID = 93F79AE11B5BB318007B5AA4;
					};
				};
			};
			buildConfigurationList = 93F79ADD1B5BB318007B5AA4 /* Build configuration list for PBXProject "CustomControls" */;
			compatibilityVersion = "Xcode 3.2";
			developmentRegion = English;
			hasScannedForEncodings = 0;
			knownRegions = (
				en,
				Base,
			);
			mainGroup = 93F79AD91B5BB318007B5AA4;
			productRefGroup = 93F79AE31B5BB318007B5AA4 /* Products */;
			projectDirPath = "";
			projectRoot = "";
			targets = (
				93F79AE11B5BB318007B5AA4 /* CustomControls */,
				93F79AFA1B5BB319007B5AA4 /* CustomControlsTests */,
			);
		};
/* End PBXProject section */

/* Begin PBXResourcesBuildPhase section */
		93F79AE01B5BB318007B5AA4 /* Resources */ = {
			isa = PBXResourcesBuildPhase;
			buildActionMask = 2147483647;
			files = (
				93F79AF11B5BB318007B5AA4 /* Main.storyboard in Resources */,
				93F79AF61B5BB318007B5AA4 /* LaunchScreen.xib in Resources */,
				93F79AF31B5BB318007B5AA4 /* Images.xcassets in Resources */,
			);
			runOnlyForDeploymentPostprocessing = 0;
		};
		93F79AF91B5BB319007B5AA4 /* Resources */ = {
			isa = PBXResourcesBuildPhase;
			buildActionMask = 2147483647;
			files = (
			);
			runOnlyForDeploymentPostprocessing = 0;
		};
/* End PBXResourcesBuildPhase section */

/* Begin PBXSourcesBuildPhase section */
		93F79ADE1B5BB318007B5AA4 /* Sources */ = {
			isa = PBXSourcesBuildPhase;
			buildActionMask = 2147483647;
			files = (
				93F79B0D1B5BB411007B5AA4 /* FIBorderTextField.m in Sources */,
				93F79AEE1B5BB318007B5AA4 /* ViewController.m in Sources */,
				93F79AEB1B5BB318007B5AA4 /* AppDelegate.m in Sources */,
				93F79AE81B5BB318007B5AA4 /* main.m in Sources */,
				9384248D1B5E370400110674 /* FISegmentSlider.m in Sources */,
				938424901B5E3B3F00110674 /* FISelectionButton.m in Sources */,
			);
			runOnlyForDeploymentPostprocessing = 0;
		};
		93F79AF71B5BB319007B5AA4 /* Sources */ = {
			isa = PBXSourcesBuildPhase;
			buildActionMask = 2147483647;
			files = (
				93F79B021B5BB319007B5AA4 /* CustomControlsTests.m in Sources */,
			);
			runOnlyForDeploymentPostprocessing = 0;
		};
/* End PBXSourcesBuildPhase section */

/* Begin PBXTargetDependency section */
		93F79AFD1B5BB319007B5AA4 /* PBXTargetDependency */ = {
			isa = PBXTargetDependency;
			target = 93F79AE11B5BB318007B5AA4 /* CustomControls */;
			targetProxy = 93F79AFC1B5BB319007B5AA4 /* PBXContainerItemProxy */;
		};
/* End PBXTargetDependency section */

/* Begin PBXVariantGroup section */
		93F79AEF1B5BB318007B5AA4 /* Main.storyboard */ = {
			isa = PBXVariantGroup;
			children = (
				93F79AF01B5BB318007B5AA4 /* Base */,
			);
			name = Main.storyboard;
			sourceTree = "<group>";
		};
		93F79AF41B5BB318007B5AA4 /* LaunchScreen.xib */ = {
			isa = PBXVariantGroup;
			children = (
				93F79AF51B5BB318007B5AA4 /* Base */,
			);
			name = LaunchScreen.xib;
			sourceTree = "<group>";
		};
/* End PBXVariantGroup section */

/* Begin XCBuildConfiguration section */
		93F79B031B5BB319007B5AA4 /* Debug */ = {
			isa = XCBuildConfiguration;
			buildSettings = {
				ALWAYS_SEARCH_USER_PATHS = NO;
				CLANG_CXX_LANGUAGE_STANDARD = "gnu++0x";
				CLANG_CXX_LIBRARY = "libc++";
				CLANG_ENABLE_MODULES = YES;
				CLANG_ENABLE_OBJC_ARC = YES;
				CLANG_WARN_BOOL_CONVERSION = YES;
				CLANG_WARN_CONSTANT_CONVERSION = YES;
				CLANG_WARN_DIRECT_OBJC_ISA_USAGE = YES_ERROR;
				CLANG_WARN_EMPTY_BODY = YES;
				CLANG_WARN_ENUM_CONVERSION = YES;
				CLANG_WARN_INT_CONVERSION = YES;
				CLANG_WARN_OBJC_ROOT_CLASS = YES_ERROR;
				CLANG_WARN_UNREACHABLE_CODE = YES;
				CLANG_WARN__DUPLICATE_METHOD_MATCH = YES;
				"CODE_SIGN_IDENTITY[sdk=iphoneos*]" = "iPhone Developer";
				COPY_PHASE_STRIP = NO;
				DEBUG_INFORMATION_FORMAT = "dwarf-with-dsym";
				ENABLE_STRICT_OBJC_MSGSEND = YES;
				GCC_C_LANGUAGE_STANDARD = gnu99;
				GCC_DYNAMIC_NO_PIC = NO;
				GCC_NO_COMMON_BLOCKS = YES;
				GCC_OPTIMIZATION_LEVEL = 0;
				GCC_PREPROCESSOR_DEFINITIONS = (
					"DEBUG=1",
					"$(inherited)",
				);
				GCC_SYMBOLS_PRIVATE_EXTERN = NO;
				GCC_WARN_64_TO_32_BIT_CONVERSION = YES;
				GCC_WARN_ABOUT_RETURN_TYPE = YES_ERROR;
				GCC_WARN_UNDECLARED_SELECTOR = YES;
				GCC_WARN_UNINITIALIZED_AUTOS = YES_AGGRESSIVE;
				GCC_WARN_UNUSED_FUNCTION = YES;
				GCC_WARN_UNUSED_VARIABLE = YES;
				IPHONEOS_DEPLOYMENT_TARGET = 8.4;
				MTL_ENABLE_DEBUG_INFO = YES;
				ONLY_ACTIVE_ARCH = YES;
				SDKROOT = iphoneos;
				TARGETED_DEVICE_FAMILY = "1,2";
			};
			name = Debug;
		};
		93F79B041B5BB319007B5AA4 /* Release */ = {
			isa = XCBuildConfiguration;
			buildSettings = {
				ALWAYS_SEARCH_USER_PATHS = NO;
				CLANG_CXX_LANGUAGE_STANDARD = "gnu++0x";
				CLANG_CXX_LIBRARY = "libc++";
				CLANG_ENABLE_MODULES = YES;
				CLANG_ENABLE_OBJC_ARC = YES;
				CLANG_WARN_BOOL_CONVERSION = YES;
				CLANG_WARN_CONSTANT_CONVERSION = YES;
				CLANG_WARN_DIRECT_OBJC_ISA_USAGE = YES_ERROR;
				CLANG_WARN_EMPTY_BODY = YES;
				CLANG_WARN_ENUM_CONVERSION = YES;
				CLANG_WARN_INT_CONVERSION = YES;
				CLANG_WARN_OBJC_ROOT_CLASS = YES_ERROR;
				CLANG_WARN_UNREACHABLE_CODE = YES;
				CLANG_WARN__DUPLICATE_METHOD_MATCH = YES;
				"CODE_SIGN_IDENTITY[sdk=iphoneos*]" = "iPhone Developer";
				COPY_PHASE_STRIP = NO;
				DEBUG_INFORMATION_FORMAT = "dwarf-with-dsym";
				ENABLE_NS_ASSERTIONS = NO;
				ENABLE_STRICT_OBJC_MSGSEND = YES;
				GCC_C_LANGUAGE_STANDARD = gnu99;
				GCC_NO_COMMON_BLOCKS = YES;
				GCC_WARN_64_TO_32_BIT_CONVERSION = YES;
				GCC_WARN_ABOUT_RETURN_TYPE = YES_ERROR;
				GCC_WARN_UNDECLARED_SELECTOR = YES;
				GCC_WARN_UNINITIALIZED_AUTOS = YES_AGGRESSIVE;
				GCC_WARN_UNUSED_FUNCTION = YES;
				GCC_WARN_UNUSED_VARIABLE = YES;
				IPHONEOS_DEPLOYMENT_TARGET = 8.4;
				MTL_ENABLE_DEBUG_INFO = NO;
				SDKROOT = iphoneos;
				TARGETED_DEVICE_FAMILY = "1,2";
				VALIDATE_PRODUCT = YES;
			};
			name = Release;
		};
		93F79B061B5BB319007B5AA4 /* Debug */ = {
			isa = XCBuildConfiguration;
			buildSettings = {
				ASSETCATALOG_COMPILER_APPICON_NAME = AppIcon;
				INFOPLIST_FILE = CustomControls/Info.plist;
				IPHONEOS_DEPLOYMENT_TARGET = 7.0;
				LD_RUNPATH_SEARCH_PATHS = "$(inherited) @executable_path/Frameworks";
				PRODUCT_NAME = "$(TARGET_NAME)";
			};
			name = Debug;
		};
		93F79B071B5BB319007B5AA4 /* Release */ = {
			isa = XCBuildConfiguration;
			buildSettings = {
				ASSETCATALOG_COMPILER_APPICON_NAME = AppIcon;
				INFOPLIST_FILE = CustomControls/Info.plist;
				IPHONEOS_DEPLOYMENT_TARGET = 7.0;
				LD_RUNPATH_SEARCH_PATHS = "$(inherited) @executable_path/Frameworks";
				PRODUCT_NAME = "$(TARGET_NAME)";
			};
			name = Release;
		};
		93F79B091B5BB319007B5AA4 /* Debug */ = {
			isa = XCBuildConfiguration;
			buildSettings = {
				BUNDLE_LOADER = "$(TEST_HOST)";
				FRAMEWORK_SEARCH_PATHS = (
					"$(SDKROOT)/Developer/Library/Frameworks",
					"$(inherited)",
				);
				GCC_PREPROCESSOR_DEFINITIONS = (
					"DEBUG=1",
					"$(inherited)",
				);
				INFOPLIST_FILE = CustomControlsTests/Info.plist;
				LD_RUNPATH_SEARCH_PATHS = "$(inherited) @executable_path/Frameworks @loader_path/Frameworks";
				PRODUCT_NAME = "$(TARGET_NAME)";
				TEST_HOST = "$(BUILT_PRODUCTS_DIR)/CustomControls.app/CustomControls";
			};
			name = Debug;
		};
		93F79B0A1B5BB319007B5AA4 /* Release */ = {
			isa = XCBuildConfiguration;
			buildSettings = {
				BUNDLE_LOADER = "$(TEST_HOST)";
				FRAMEWORK_SEARCH_PATHS = (
					"$(SDKROOT)/Developer/Library/Frameworks",
					"$(inherited)",
				);
				INFOPLIST_FILE = CustomControlsTests/Info.plist;
				LD_RUNPATH_SEARCH_PATHS = "$(inherited) @executable_path/Frameworks @loader_path/Frameworks";
				PRODUCT_NAME = "$(TARGET_NAME)";
				TEST_HOST = "$(BUILT_PRODUCTS_DIR)/CustomControls.app/CustomControls";
			};
			name = Release;
		};
/* End XCBuildConfiguration section */

/* Begin XCConfigurationList section */
		93F79ADD1B5BB318007B5AA4 /* Build configuration list for PBXProject "CustomControls" */ = {
			isa = XCConfigurationList;
			buildConfigurations = (
				93F79B031B5BB319007B5AA4 /* Debug */,
				93F79B041B5BB319007B5AA4 /* Release */,
			);
			defaultConfigurationIsVisible = 0;
			defaultConfigurationName = Release;
		};
		93F79B051B5BB319007B5AA4 /* Build configuration list for PBXNativeTarget "CustomControls" */ = {
			isa = XCConfigurationList;
			buildConfigurations = (
				93F79B061B5BB319007B5AA4 /* Debug */,
				93F79B071B5BB319007B5AA4 /* Release */,
			);
			defaultConfigurationIsVisible = 0;
			defaultConfigurationName = Release;
		};
		93F79B081B5BB319007B5AA4 /* Build configuration list for PBXNativeTarget "CustomControlsTests" */ = {
			isa = XCConfigurationList;
			buildConfigurations = (
				93F79B091B5BB319007B5AA4 /* Debug */,
				93F79B0A1B5BB319007B5AA4 /* Release */,
			);
			defaultConfigurationIsVisible = 0;
			defaultConfigurationName = Release;
		};
/* End XCConfigurationList section */
	};
	rootObject = 93F79ADA1B5BB318007B5AA4 /* Project object */;
}
